// !$*UTF8*$!
{
	archiveVersion = 1;
	classes = {
	};
	objectVersion = 50;
	objects = {

/* Begin PBXBuildFile section */
		243982CF24F35CEB00844CFA /* AppDelegate.m in Sources */ = {isa = PBXBuildFile; fileRef = 243982CE24F35CEB00844CFA /* AppDelegate.m */; };
		243982D224F35CEB00844CFA /* SceneDelegate.m in Sources */ = {isa = PBXBuildFile; fileRef = 243982D124F35CEB00844CFA /* SceneDelegate.m */; };
		243982D824F35CEC00844CFA /* Main.storyboard in Resources */ = {isa = PBXBuildFile; fileRef = 243982D624F35CEC00844CFA /* Main.storyboard */; };
		243982DA24F35CEF00844CFA /* Assets.xcassets in Resources */ = {isa = PBXBuildFile; fileRef = 243982D924F35CEF00844CFA /* Assets.xcassets */; };
		243982DD24F35CEF00844CFA /* LaunchScreen.storyboard in Resources */ = {isa = PBXBuildFile; fileRef = 243982DB24F35CEF00844CFA /* LaunchScreen.storyboard */; };
		243982E024F35CEF00844CFA /* main.m in Sources */ = {isa = PBXBuildFile; fileRef = 243982DF24F35CEF00844CFA /* main.m */; };
		243982E924F3631F00844CFA /* TableViewController.m in Sources */ = {isa = PBXBuildFile; fileRef = 243982E824F3631F00844CFA /* TableViewController.m */; };
		243982EC24F3636100844CFA /* LoginViewController.m in Sources */ = {isa = PBXBuildFile; fileRef = 243982EB24F3636100844CFA /* LoginViewController.m */; };
		243982EF24F3636F00844CFA /* DetailViewController.m in Sources */ = {isa = PBXBuildFile; fileRef = 243982EE24F3636F00844CFA /* DetailViewController.m */; };
		243982F224F3639500844CFA /* SongCollectionViewController.m in Sources */ = {isa = PBXBuildFile; fileRef = 243982F124F3639500844CFA /* SongCollectionViewController.m */; };
/* End PBXBuildFile section */

/* Begin PBXFileReference section */
		243982CA24F35CEB00844CFA /* Music.app */ = {isa = PBXFileReference; explicitFileType = wrapper.application; includeInIndex = 0; path = Music.app; sourceTree = BUILT_PRODUCTS_DIR; };
		243982CD24F35CEB00844CFA /* AppDelegate.h */ = {isa = PBXFileReference; lastKnownFileType = sourcecode.c.h; path = AppDelegate.h; sourceTree = "<group>"; };
		243982CE24F35CEB00844CFA /* AppDelegate.m */ = {isa = PBXFileReference; lastKnownFileType = sourcecode.c.objc; path = AppDelegate.m; sourceTree = "<group>"; };
		243982D024F35CEB00844CFA /* SceneDelegate.h */ = {isa = PBXFileReference; lastKnownFileType = sourcecode.c.h; path = SceneDelegate.h; sourceTree = "<group>"; };
		243982D124F35CEB00844CFA /* SceneDelegate.m */ = {isa = PBXFileReference; lastKnownFileType = sourcecode.c.objc; path = SceneDelegate.m; sourceTree = "<group>"; };
		243982D724F35CEC00844CFA /* Base */ = {isa = PBXFileReference; lastKnownFileType = file.storyboard; name = Base; path = Base.lproj/Main.storyboard; sourceTree = "<group>"; };
		243982D924F35CEF00844CFA /* Assets.xcassets */ = {isa = PBXFileReference; lastKnownFileType = folder.assetcatalog; path = Assets.xcassets; sourceTree = "<group>"; };
		243982DC24F35CEF00844CFA /* Base */ = {isa = PBXFileReference; lastKnownFileType = file.storyboard; name = Base; path = Base.lproj/LaunchScreen.storyboard; sourceTree = "<group>"; };
		243982DE24F35CEF00844CFA /* Info.plist */ = {isa = PBXFileReference; lastKnownFileType = text.plist.xml; path = Info.plist; sourceTree = "<group>"; };
		243982DF24F35CEF00844CFA /* main.m */ = {isa = PBXFileReference; lastKnownFileType = sourcecode.c.objc; path = main.m; sourceTree = "<group>"; };
		243982E724F3631F00844CFA /* TableViewController.h */ = {isa = PBXFileReference; lastKnownFileType = sourcecode.c.h; path = TableViewController.h; sourceTree = "<group>"; };
		243982E824F3631F00844CFA /* TableViewController.m */ = {isa = PBXFileReference; lastKnownFileType = sourcecode.c.objc; path = TableViewController.m; sourceTree = "<group>"; };
		243982EA24F3636100844CFA /* LoginViewController.h */ = {isa = PBXFileReference; lastKnownFileType = sourcecode.c.h; path = LoginViewController.h; sourceTree = "<group>"; };
		243982EB24F3636100844CFA /* LoginViewController.m */ = {isa = PBXFileReference; lastKnownFileType = sourcecode.c.objc; path = LoginViewController.m; sourceTree = "<group>"; };
		243982ED24F3636F00844CFA /* DetailViewController.h */ = {isa = PBXFileReference; lastKnownFileType = sourcecode.c.h; path = DetailViewController.h; sourceTree = "<group>"; };
		243982EE24F3636F00844CFA /* DetailViewController.m */ = {isa = PBXFileReference; lastKnownFileType = sourcecode.c.objc; path = DetailViewController.m; sourceTree = "<group>"; };
		243982F024F3639500844CFA /* SongCollectionViewController.h */ = {isa = PBXFileReference; lastKnownFileType = sourcecode.c.h; path = SongCollectionViewController.h; sourceTree = "<group>"; };
		243982F124F3639500844CFA /* SongCollectionViewController.m */ = {isa = PBXFileReference; lastKnownFileType = sourcecode.c.objc; path = SongCollectionViewController.m; sourceTree = "<group>"; };
/* End PBXFileReference section */

/* Begin PBXFrameworksBuildPhase section */
		243982C724F35CEB00844CFA /* Frameworks */ = {
			isa = PBXFrameworksBuildPhase;
			buildActionMask = 2147483647;
			files = (
			);
			runOnlyForDeploymentPostprocessing = 0;
		};
/* End PBXFrameworksBuildPhase section */

/* Begin PBXGroup section */
		243982C124F35CEB00844CFA = {
			isa = PBXGroup;
			children = (
				243982CC24F35CEB00844CFA /* Music */,
				243982CB24F35CEB00844CFA /* Products */,
			);
			sourceTree = "<group>";
		};
		243982CB24F35CEB00844CFA /* Products */ = {
			isa = PBXGroup;
			children = (
				243982CA24F35CEB00844CFA /* Music.app */,
			);
			name = Products;
			sourceTree = "<group>";
		};
		243982CC24F35CEB00844CFA /* Music */ = {
			isa = PBXGroup;
			children = (
				243982F024F3639500844CFA /* SongCollectionViewController.h */,
				243982F124F3639500844CFA /* SongCollectionViewController.m */,
				243982E724F3631F00844CFA /* TableViewController.h */,
				243982E824F3631F00844CFA /* TableViewController.m */,
				243982EA24F3636100844CFA /* LoginViewController.h */,
				243982EB24F3636100844CFA /* LoginViewController.m */,
				243982ED24F3636F00844CFA /* DetailViewController.h */,
				243982EE24F3636F00844CFA /* DetailViewController.m */,
				243982CD24F35CEB00844CFA /* AppDelegate.h */,
				243982CE24F35CEB00844CFA /* AppDelegate.m */,
				243982D024F35CEB00844CFA /* SceneDelegate.h */,
				243982D124F35CEB00844CFA /* SceneDelegate.m */,
				243982D624F35CEC00844CFA /* Main.storyboard */,
				243982D924F35CEF00844CFA /* Assets.xcassets */,
				243982DB24F35CEF00844CFA /* LaunchScreen.storyboard */,
				243982DE24F35CEF00844CFA /* Info.plist */,
				243982DF24F35CEF00844CFA /* main.m */,
			);
			path = Music;
			sourceTree = "<group>";
		};
/* End PBXGroup section */

/* Begin PBXNativeTarget section */
		243982C924F35CEB00844CFA /* Music */ = {
			isa = PBXNativeTarget;
			buildConfigurationList = 243982E324F35CEF00844CFA /* Build configuration list for PBXNativeTarget "Music" */;
			buildPhases = (
				243982C624F35CEB00844CFA /* Sources */,
				243982C724F35CEB00844CFA /* Frameworks */,
				243982C824F35CEB00844CFA /* Resources */,
			);
			buildRules = (
			);
			dependencies = (
			);
			name = Music;
			productName = Music;
			productReference = 243982CA24F35CEB00844CFA /* Music.app */;
			productType = "com.apple.product-type.application";
		};
/* End PBXNativeTarget section */

/* Begin PBXProject section */
		243982C224F35CEB00844CFA /* Project object */ = {
			isa = PBXProject;
			attributes = {
				LastUpgradeCheck = 1160;
				ORGANIZATIONNAME = ishift;
				TargetAttributes = {
					243982C924F35CEB00844CFA = {
						CreatedOnToolsVersion = 11.6;
					};
				};
			};
			buildConfigurationList = 243982C524F35CEB00844CFA /* Build configuration list for PBXProject "Music" */;
			compatibilityVersion = "Xcode 9.3";
			developmentRegion = en;
			hasScannedForEncodings = 0;
			knownRegions = (
				en,
				Base,
			);
			mainGroup = 243982C124F35CEB00844CFA;
			productRefGroup = 243982CB24F35CEB00844CFA /* Products */;
			projectDirPath = "";
			projectRoot = "";
			targets = (
				243982C924F35CEB00844CFA /* Music */,
			);
		};
/* End PBXProject section */

/* Begin PBXResourcesBuildPhase section */
		243982C824F35CEB00844CFA /* Resources */ = {
			isa = PBXResourcesBuildPhase;
			buildActionMask = 2147483647;
			files = (
				243982DD24F35CEF00844CFA /* LaunchScreen.storyboard in Resources */,
				243982DA24F35CEF00844CFA /* Assets.xcassets in Resources */,
				243982D824F35CEC00844CFA /* Main.storyboard in Resources */,
			);
			runOnlyForDeploymentPostprocessing = 0;
		};
/* End PBXResourcesBuildPhase section */

/* Begin PBXSourcesBuildPhase section */
		243982C624F35CEB00844CFA /* Sources */ = {
			isa = PBXSourcesBuildPhase;
			buildActionMask = 2147483647;
			files = (
				243982CF24F35CEB00844CFA /* AppDelegate.m in Sources */,
				243982F224F3639500844CFA /* SongCollectionViewController.m in Sources */,
				243982EC24F3636100844CFA /* LoginViewController.m in Sources */,
				243982E024F35CEF00844CFA /* main.m in Sources */,
				243982E924F3631F00844CFA /* TableViewController.m in Sources */,
				243982D224F35CEB00844CFA /* SceneDelegate.m in Sources */,
				243982EF24F3636F00844CFA /* DetailViewController.m in Sources */,
			);
			runOnlyForDeploymentPostprocessing = 0;
		};
/* End PBXSourcesBuildPhase section */

/* Begin PBXVariantGroup section */
		243982D624F35CEC00844CFA /* Main.storyboard */ = {
			isa = PBXVariantGroup;
			children = (
				243982D724F35CEC00844CFA /* Base */,
			);
			name = Main.storyboard;
			sourceTree = "<group>";
		};
		243982DB24F35CEF00844CFA /* LaunchScreen.storyboard */ = {
			isa = PBXVariantGroup;
			children = (
				243982DC24F35CEF00844CFA /* Base */,
			);
			name = LaunchScreen.storyboard;
			sourceTree = "<group>";
		};
/* End PBXVariantGroup section */

/* Begin XCBuildConfiguration section */
		243982E124F35CEF00844CFA /* Debug */ = {
			isa = XCBuildConfiguration;
			buildSettings = {
				ALWAYS_SEARCH_USER_PATHS = NO;
				CLANG_ANALYZER_NONNULL = YES;
				CLANG_ANALYZER_NUMBER_OBJECT_CONVERSION = YES_AGGRESSIVE;
				CLANG_CXX_LANGUAGE_STANDARD = "gnu++14";
				CLANG_CXX_LIBRARY = "libc++";
				CLANG_ENABLE_MODULES = YES;
				CLANG_ENABLE_OBJC_ARC = YES;
				CLANG_ENABLE_OBJC_WEAK = YES;
				CLANG_WARN_BLOCK_CAPTURE_AUTORELEASING = YES;
				CLANG_WARN_BOOL_CONVERSION = YES;
				CLANG_WARN_COMMA = YES;
				CLANG_WARN_CONSTANT_CONVERSION = YES;
				CLANG_WARN_DEPRECATED_OBJC_IMPLEMENTATIONS = YES;
				CLANG_WARN_DIRECT_OBJC_ISA_USAGE = YES_ERROR;
				CLANG_WARN_DOCUMENTATION_COMMENTS = YES;
				CLANG_WARN_EMPTY_BODY = YES;
				CLANG_WARN_ENUM_CONVERSION = YES;
				CLANG_WARN_INFINITE_RECURSION = YES;
				CLANG_WARN_INT_CONVERSION = YES;
				CLANG_WARN_NON_LITERAL_NULL_CONVERSION = YES;
				CLANG_WARN_OBJC_IMPLICIT_RETAIN_SELF = YES;
				CLANG_WARN_OBJC_LITERAL_CONVERSION = YES;
				CLANG_WARN_OBJC_ROOT_CLASS = YES_ERROR;
				CLANG_WARN_RANGE_LOOP_ANALYSIS = YES;
				CLANG_WARN_STRICT_PROTOTYPES = YES;
				CLANG_WARN_SUSPICIOUS_MOVE = YES;
				CLANG_WARN_UNGUARDED_AVAILABILITY = YES_AGGRESSIVE;
				CLANG_WARN_UNREACHABLE_CODE = YES;
				CLANG_WARN__DUPLICATE_METHOD_MATCH = YES;
				COPY_PHASE_STRIP = NO;
				DEBUG_INFORMATION_FORMAT = dwarf;
				ENABLE_STRICT_OBJC_MSGSEND = YES;
				ENABLE_TESTABILITY = YES;
				GCC_C_LANGUAGE_STANDARD = gnu11;
				GCC_DYNAMIC_NO_PIC = NO;
				GCC_NO_COMMON_BLOCKS = YES;
				GCC_OPTIMIZATION_LEVEL = 0;
				GCC_PREPROCESSOR_DEFINITIONS = (
					"DEBUG=1",
					"$(inherited)",
				);
				GCC_WARN_64_TO_32_BIT_CONVERSION = YES;
				GCC_WARN_ABOUT_RETURN_TYPE = YES_ERROR;
				GCC_WARN_UNDECLARED_SELECTOR = YES;
				GCC_WARN_UNINITIALIZED_AUTOS = YES_AGGRESSIVE;
				GCC_WARN_UNUSED_FUNCTION = YES;
				GCC_WARN_UNUSED_VARIABLE = YES;
				IPHONEOS_DEPLOYMENT_TARGET = 13.6;
				MTL_ENABLE_DEBUG_INFO = INCLUDE_SOURCE;
				MTL_FAST_MATH = YES;
				ONLY_ACTIVE_ARCH = YES;
				SDKROOT = iphoneos;
			};
			name = Debug;
		};
		243982E224F35CEF00844CFA /* Release */ = {
			isa = XCBuildConfiguration;
			buildSettings = {
				ALWAYS_SEARCH_USER_PATHS = NO;
				CLANG_ANALYZER_NONNULL = YES;
				CLANG_ANALYZER_NUMBER_OBJECT_CONVERSION = YES_AGGRESSIVE;
				CLANG_CXX_LANGUAGE_STANDARD = "gnu++14";
				CLANG_CXX_LIBRARY = "libc++";
				CLANG_ENABLE_MODULES = YES;
				CLANG_ENABLE_OBJC_ARC = YES;
				CLANG_ENABLE_OBJC_WEAK = YES;
				CLANG_WARN_BLOCK_CAPTURE_AUTORELEASING = YES;
				CLANG_WARN_BOOL_CONVERSION = YES;
				CLANG_WARN_COMMA = YES;
				CLANG_WARN_CONSTANT_CONVERSION = YES;
				CLANG_WARN_DEPRECATED_OBJC_IMPLEMENTATIONS = YES;
				CLANG_WARN_DIRECT_OBJC_ISA_USAGE = YES_ERROR;
				CLANG_WARN_DOCUMENTATION_COMMENTS = YES;
				CLANG_WARN_EMPTY_BODY = YES;
				CLANG_WARN_ENUM_CONVERSION = YES;
				CLANG_WARN_INFINITE_RECURSION = YES;
				CLANG_WARN_INT_CONVERSION = YES;
				CLANG_WARN_NON_LITERAL_NULL_CONVERSION = YES;
				CLANG_WARN_OBJC_IMPLICIT_RETAIN_SELF = YES;
				CLANG_WARN_OBJC_LITERAL_CONVERSION = YES;
				CLANG_WARN_OBJC_ROOT_CLASS = YES_ERROR;
				CLANG_WARN_RANGE_LOOP_ANALYSIS = YES;
				CLANG_WARN_STRICT_PROTOTYPES = YES;
				CLANG_WARN_SUSPICIOUS_MOVE = YES;
				CLANG_WARN_UNGUARDED_AVAILABILITY = YES_AGGRESSIVE;
				CLANG_WARN_UNREACHABLE_CODE = YES;
				CLANG_WARN__DUPLICATE_METHOD_MATCH = YES;
				COPY_PHASE_STRIP = NO;
				DEBUG_INFORMATION_FORMAT = "dwarf-with-dsym";
				ENABLE_NS_ASSERTIONS = NO;
				ENABLE_STRICT_OBJC_MSGSEND = YES;
				GCC_C_LANGUAGE_STANDARD = gnu11;
				GCC_NO_COMMON_BLOCKS = YES;
				GCC_WARN_64_TO_32_BIT_CONVERSION = YES;
				GCC_WARN_ABOUT_RETURN_TYPE = YES_ERROR;
				GCC_WARN_UNDECLARED_SELECTOR = YES;
				GCC_WARN_UNINITIALIZED_AUTOS = YES_AGGRESSIVE;
				GCC_WARN_UNUSED_FUNCTION = YES;
				GCC_WARN_UNUSED_VARIABLE = YES;
				IPHONEOS_DEPLOYMENT_TARGET = 13.6;
				MTL_ENABLE_DEBUG_INFO = NO;
				MTL_FAST_MATH = YES;
				SDKROOT = iphoneos;
				VALIDATE_PRODUCT = YES;
			};
			name = Release;
		};
		243982E424F35CEF00844CFA /* Debug */ = {
			isa = XCBuildConfiguration;
			buildSettings = {
				ASSETCATALOG_COMPILER_APPICON_NAME = AppIcon;
				CODE_SIGN_STYLE = Automatic;
				DEVELOPMENT_TEAM = 4ZQNAJ7LSF;
				INFOPLIST_FILE = Music/Info.plist;
				IPHONEOS_DEPLOYMENT_TARGET = 11.0;
				LD_RUNPATH_SEARCH_PATHS = (
					"$(inherited)",
					"@executable_path/Frameworks",
				);
				PRODUCT_BUNDLE_IDENTIFIER = com.ishift.Music;
				PRODUCT_NAME = "$(TARGET_NAME)";
				TARGETED_DEVICE_FAMILY = "1,2";
			};
			name = Debug;
		};
		243982E524F35CEF00844CFA /* Release */ = {
			isa = XCBuildConfiguration;
			buildSettings = {
				ASSETCATALOG_COMPILER_APPICON_NAME = AppIcon;
				CODE_SIGN_STYLE = Automatic;
				DEVELOPMENT_TEAM = 4ZQNAJ7LSF;
				INFOPLIST_FILE = Music/Info.plist;
				IPHONEOS_DEPLOYMENT_TARGET = 11.0;
				LD_RUNPATH_SEARCH_PATHS = (
					"$(inherited)",
					"@executable_path/Frameworks",
				);
				PRODUCT_BUNDLE_IDENTIFIER = com.ishift.Music;
				PRODUCT_NAME = "$(TARGET_NAME)";
				TARGETED_DEVICE_FAMILY = "1,2";
			};
			name = Release;
		};
/* End XCBuildConfiguration section */

/* Begin XCConfigurationList section */
		243982C524F35CEB00844CFA /* Build configuration list for PBXProject "Music" */ = {
			isa = XCConfigurationList;
			buildConfigurations = (
				243982E124F35CEF00844CFA /* Debug */,
				243982E224F35CEF00844CFA /* Release */,
			);
			defaultConfigurationIsVisible = 0;
			defaultConfigurationName = Release;
		};
		243982E324F35CEF00844CFA /* Build configuration list for PBXNativeTarget "Music" */ = {
			isa = XCConfigurationList;
			buildConfigurations = (
				243982E424F35CEF00844CFA /* Debug */,
				243982E524F35CEF00844CFA /* Release */,
			);
			defaultConfigurationIsVisible = 0;
			defaultConfigurationName = Release;
		};
/* End XCConfigurationList section */
	};
	rootObject = 243982C224F35CEB00844CFA /* Project object */;
}
